
Microsoft Visual Studio Solution File, Format Version 12.00
# Visual Studio Express 2012 for Windows Desktop
Project("{FAE04EC0-301F-11D3-BF4B-00C04F79EFBC}") = "Informes_MS", "Informes_MS\Informes_MS.csproj", "{52E148B4-1EA5-4A84-A44F-2958D13A88D5}"
EndProject
Global
	GlobalSection(SolutionConfigurationPlatforms) = preSolution
		Debug|Any CPU = Debug|Any CPU
		Release|Any CPU = Release|Any CPU
	EndGlobalSection
	GlobalSection(ProjectConfigurationPlatforms) = postSolution
		{52E148B4-1EA5-4A84-A44F-2958D13A88D5}.Debug|Any CPU.ActiveCfg = Debug|Any CPU
		{52E148B4-1EA5-4A84-A44F-2958D13A88D5}.Debug|Any CPU.Build.0 = Debug|Any CPU
		{52E148B4-1EA5-4A84-A44F-2958D13A88D5}.Release|Any CPU.ActiveCfg = Release|Any CPU
		{52E148B4-1EA5-4A84-A44F-2958D13A88D5}.Release|Any CPU.Build.0 = Release|Any CPU
	EndGlobalSection
	GlobalSection(SolutionProperties) = preSolution
		HideSolutionNode = FALSE
	EndGlobalSection
EndGlobal
